
Microsoft Visual Studio Solution File, Format Version 12.00
# Visual Studio 15
VisualStudioVersion = 15.0.28010.2016
MinimumVisualStudioVersion = 10.0.40219.1
Project("{FAE04EC0-301F-11D3-BF4B-00C04F79EFBC}") = "Test", "Test\Test.csproj", "{FE82ADA2-C65B-4823-A7C6-02DB713E659C}"
EndProject
Project("{FAE04EC0-301F-11D3-BF4B-00C04F79EFBC}") = "Test.Model", "Test.Model\Test.Model.csproj", "{06719AC8-AFCA-4FCA-AE7A-F93E90809A13}"
EndProject
Project("{FAE04EC0-301F-11D3-BF4B-00C04F79EFBC}") = "Test.Repository", "Test.Repository\Test.Repository.csproj", "{55CC56A0-84E0-4B52-AE0E-DFBA45634106}"
EndProject
Global
	GlobalSection(SolutionConfigurationPlatforms) = preSolution
		Debug|Any CPU = Debug|Any CPU
		Release|Any CPU = Release|Any CPU
	EndGlobalSection
	GlobalSection(ProjectConfigurationPlatforms) = postSolution
		{FE82ADA2-C65B-4823-A7C6-02DB713E659C}.Debug|Any CPU.ActiveCfg = Debug|Any CPU
		{FE82ADA2-C65B-4823-A7C6-02DB713E659C}.Debug|Any CPU.Build.0 = Debug|Any CPU
		{FE82ADA2-C65B-4823-A7C6-02DB713E659C}.Release|Any CPU.ActiveCfg = Release|Any CPU
		{FE82ADA2-C65B-4823-A7C6-02DB713E659C}.Release|Any CPU.Build.0 = Release|Any CPU
		{06719AC8-AFCA-4FCA-AE7A-F93E90809A13}.Debug|Any CPU.ActiveCfg = Debug|Any CPU
		{06719AC8-AFCA-4FCA-AE7A-F93E90809A13}.Debug|Any CPU.Build.0 = Debug|Any CPU
		{06719AC8-AFCA-4FCA-AE7A-F93E90809A13}.Release|Any CPU.ActiveCfg = Release|Any CPU
		{06719AC8-AFCA-4FCA-AE7A-F93E90809A13}.Release|Any CPU.Build.0 = Release|Any CPU
		{55CC56A0-84E0-4B52-AE0E-DFBA45634106}.Debug|Any CPU.ActiveCfg = Debug|Any CPU
		{55CC56A0-84E0-4B52-AE0E-DFBA45634106}.Debug|Any CPU.Build.0 = Debug|Any CPU
		{55CC56A0-84E0-4B52-AE0E-DFBA45634106}.Release|Any CPU.ActiveCfg = Release|Any CPU
		{55CC56A0-84E0-4B52-AE0E-DFBA45634106}.Release|Any CPU.Build.0 = Release|Any CPU
	EndGlobalSection
	GlobalSection(SolutionProperties) = preSolution
		HideSolutionNode = FALSE
	EndGlobalSection
	GlobalSection(ExtensibilityGlobals) = postSolution
		SolutionGuid = {63CB41E3-14DD-4DDC-9807-D1891EC8E2AC}
	EndGlobalSection
EndGlobal
